{
  "requires": true,
  "lockfileVersion": 1,
  "dependencies": {
    "typed.js": {
      "version": "2.0.11",
      "resolved": "https://registry.npmjs.org/typed.js/-/typed.js-2.0.11.tgz",
      "integrity": "sha512-1ZORHalEyLob34q738mqmwp0pT6syMigB1SZuTItqdhovWBKFIt7I5uVALXAGQZCg2MCtihCt6uqkoqPJK+9iQ=="
    },
    "typeit": {
      "version": "7.0.4",
      "resolved": "https://registry.npmjs.org/typeit/-/typeit-7.0.4.tgz",
      "integrity": "sha512-ETiVr3s4XOXUE9W+tVhF3gxGTf5z4tc35YjvWEQhqKsJhXWvpQlt/D/ZvIHkZzHegU3stxagjeG2pfm1/AWsYQ=="
    }
  }
}
